{
  "version": 2,
  "dependencies": {
    "net10.0": {
      "coverlet.collector": {
        "type": "Direct",
        "requested": "[10.0.1, )",
        "resolved": "10.0.1",
        "contentHash": "27jXSV/0DbVqF5jDrAxuQFZ9oaz6gmG03p8ttxAFk+X0M4woFYj7MoWDLCna5EGLb0CE6OE7X6ZH3Wt5smTtaA=="
      },
      "Microsoft.NET.Test.Sdk": {
        "type": "Direct",
        "requested": "[18.10.1, )",
        "resolved": "18.10.1",
        "contentHash": "SxCFvJE/2ltUQgCgv6+Ixagohw4sZc9hM7Wid2foaNM7paBscktoHLoRDz91fW8wbHG87Rg9Ku59/8PXumqUrA==",
        "dependencies": {
          "Microsoft.CodeCoverage": "18.10.1",
          "Microsoft.TestPlatform.TestHost": "18.10.1"
        }
      },
      "Neolution.CodeAnalysis.TestsRuleset": {
        "type": "Direct",
        "requested": "[3.3.0-beta.2, )",
        "resolved": "3.3.0-beta.2",
        "contentHash": "GQXIkpfRlgKFZw+vsQM2wTqRVq10Sq/zcEniQgFGTNZqyBCzogBLzi8FabptRO38yblVPN7YS35IqQ3bJtfp1Q==",
        "dependencies": {
          "SonarAnalyzer.CSharp": "9.32.0.97167",
          "StyleCop.Analyzers.Unstable": "1.2.0.556"
        }
      },
      "Objectivity.AutoFixture.XUnit2.AutoNSubstitute": {
        "type": "Direct",
        "requested": "[3.6.3, )",
        "resolved": "3.6.3",
        "contentHash": "YXjVWh9OumYK0lO9NHLPrNHaYiEvAKeTQ2AI5z8zRJKscbzENjbP66S81xThSN+guODDqc6TdliReGAZ2m4Cfw==",
        "dependencies": {
          "AutoFixture": "4.18.1",
          "AutoFixture.AutoNSubstitute": "4.18.1",
          "AutoFixture.Xunit2": "4.18.1",
          "Castle.Core": "5.2.1",
          "JetBrains.Annotations": "2024.3.0",
          "NSubstitute": "5.3.0",
          "xunit.abstractions": "2.0.3",
          "xunit.core": "2.9.3",
          "xunit.extensibility.core": "2.9.3",
          "xunit.extensibility.execution": "2.9.3"
        }
      },
      "Shouldly": {
        "type": "Direct",
        "requested": "[4.3.0, )",
        "resolved": "4.3.0",
        "contentHash": "sDetrWXrl6YXZ4HeLsdBoNk3uIa7K+V4uvIJ+cqdRa5DrFxeTED7VkjoxCuU1kJWpUuBDZz2QXFzSxBtVXLwRQ==",
        "dependencies": {
          "DiffEngine": "11.3.0",
          "EmptyFiles": "4.4.0"
        }
      },
      "xunit": {
        "type": "Direct",
        "requested": "[2.9.3, )",
        "resolved": "2.9.3",
        "contentHash": "TlXQBinK35LpOPKHAqbLY4xlEen9TBafjs0V5KnA4wZsoQLQJiirCR4CbIXvOH8NzkW4YeJKP5P/Bnrodm0h9Q==",
        "dependencies": {
          "xunit.analyzers": "1.18.0",
          "xunit.assert": "2.9.3",
          "xunit.core": "[2.9.3]"
        }
      },
      "xunit.runner.visualstudio": {
        "type": "Direct",
        "requested": "[3.1.1, )",
        "resolved": "3.1.1",
        "contentHash": "gNu2zhnuwjq5vQlU4S7yK/lfaKZDLmtcu+vTjnhfTlMAUYn+Hmgu8IIX0UCwWepYkk+Szx03DHx1bDnc9Fd+9w=="
      },
      "AutoFixture": {
        "type": "Transitive",
        "resolved": "4.18.1",
        "contentHash": "BmWZDY4fkrYOyd5/CTBOeXbzsNwV8kI4kDi/Ty1Y5F+WDHBVKxzfWlBE4RSicvZ+EOi2XDaN5uwdrHsItLW6Kw==",
        "dependencies": {
          "Fare": "[2.1.1, 3.0.0)"
        }
      },
      "AutoFixture.AutoNSubstitute": {
        "type": "Transitive",
        "resolved": "4.18.1",
        "contentHash": "xJxIsShO/1Ceei7BDFCobFANiw5a+enpdklgX/Xic6vKavHo9gSJO7ZGkKlf2lh+TlblTEet9mjzf9wHWIqWGQ==",
        "dependencies": {
          "AutoFixture": "4.18.1",
          "NSubstitute": "[2.0.3, 6.0.0)"
        }
      },
      "AutoFixture.Xunit2": {
        "type": "Transitive",
        "resolved": "4.18.1",
        "contentHash": "I5Cwv1bvWb0lf2x2zO42bBQ2WaGudBh7tVBCzKIf8KmRJG+hmYY7ku3znnFZDVxbQaihNaqNkztLTwK4PwaoWg==",
        "dependencies": {
          "AutoFixture": "4.18.1",
          "xunit.extensibility.core": "[2.2.0, 3.0.0)"
        }
      },
      "Azure.Core": {
        "type": "Transitive",
        "resolved": "1.53.0",
        "contentHash": "x9c/toFMOtRrlTdFuE7rlGCVAduQzWVfKmLz5juj41zJAXEhYD5hluiUyyAEzJ6OxpBnKtiaBztzwpZITAVjtg==",
        "dependencies": {
          "Microsoft.Bcl.AsyncInterfaces": "10.0.3",
          "Microsoft.Extensions.Configuration.Abstractions": "10.0.3",
          "Microsoft.Extensions.Hosting.Abstractions": "10.0.3",
          "Microsoft.Identity.Client": "4.83.1",
          "Microsoft.Identity.Client.Extensions.Msal": "4.83.1",
          "System.ClientModel": "1.10.0",
          "System.Memory.Data": "10.0.3"
        }
      },
      "Castle.Core": {
        "type": "Transitive",
        "resolved": "5.2.1",
        "contentHash": "wHARzQA695jwwKreOzNsq54KiGqKP38tv8hi8e2FXDEC/sA6BtrX90tVPDkOfVu13PbEzr00TCV8coikl+D1Iw==",
        "dependencies": {
          "System.Diagnostics.EventLog": "6.0.0"
        }
      },
      "DiffEngine": {
        "type": "Transitive",
        "resolved": "11.3.0",
        "contentHash": "k0ZgZqd09jLZQjR8FyQbSQE86Q7QZnjEzq1LPHtj1R2AoWO8sjV5x+jlSisL7NZAbUOI4y+7Bog8gkr9WIRBGw==",
        "dependencies": {
          "EmptyFiles": "4.4.0",
          "System.Management": "6.0.1"
        }
      },
      "EmptyFiles": {
        "type": "Transitive",
        "resolved": "4.4.0",
        "contentHash": "gwJEfIGS7FhykvtZoscwXj/XwW+mJY6UbAZk+qtLKFUGWC95kfKXnj8VkxsZQnWBxJemM/q664rGLN5nf+OHZw=="
      },
      "Fare": {
        "type": "Transitive",
        "resolved": "2.1.1",
        "contentHash": "HaI8puqA66YU7/9cK4Sgbs1taUTP1Ssa4QT2PIzqJ7GvAbN1QgkjbRsjH+FSbMh1MJdvS0CIwQNLtFT+KF6KpA==",
        "dependencies": {
          "NETStandard.Library": "1.6.1"
        }
      },
      "Google.Api.CommonProtos": {
        "type": "Transitive",
        "resolved": "2.17.0",
        "contentHash": "elfQPknFr495hm7vdy6ZlgyQh6yzZq9TU7sS35L/Fj/fqjM/mUGau9gVJLhvQEtUlPjtR80hpn/m9HvBMyCXIw==",
        "dependencies": {
          "Google.Protobuf": "[3.31.1, 4.0.0]"
        }
      },
      "Google.Api.Gax": {
        "type": "Transitive",
        "resolved": "4.12.1",
        "contentHash": "G62dRNOv5DolfRviT6CCrL2a5nZ/CWWdRzhADkGnpCkYSOc3QnH5xxRvZiOKuHU8weJ/pAqAqrj7+T9IWdlu2Q==",
        "dependencies": {
          "Microsoft.Bcl.AsyncInterfaces": "6.0.0",
          "Newtonsoft.Json": "13.0.4"
        }
      },
      "Google.Api.Gax.Grpc": {
        "type": "Transitive",
        "resolved": "4.12.1",
        "contentHash": "W3LjuitOWxWyvbwqeHvpgp0LdshEiTnw/pneDAfAhQ02VgU2gVEzSXfGNPsvL8hDPBXjngR/fWNme8Kungwwkw==",
        "dependencies": {
          "Google.Api.CommonProtos": "2.17.0",
          "Google.Api.Gax": "4.12.1",
          "Google.Apis.Auth": "1.72.0",
          "Grpc.Auth": "[2.71.0, 3.0.0)",
          "Grpc.Core.Api": "[2.71.0, 3.0.0)",
          "Grpc.Net.Client": "[2.71.0, 3.0.0)",
          "Microsoft.Extensions.DependencyInjection.Abstractions": "6.0.0"
        }
      },
      "Google.Apis": {
        "type": "Transitive",
        "resolved": "1.72.0",
        "contentHash": "QbSJ08W7QuqsfzDPOZDHl1aFzCYwMcfBoHqQRh7koglwDN5WacShCKYMpU/zR1Pf3h3sH6JTGEeM/txAxaJuEg==",
        "dependencies": {
          "Google.Apis.Core": "1.72.0"
        }
      },
      "Google.Apis.Auth": {
        "type": "Transitive",
        "resolved": "1.72.0",
        "contentHash": "RBoFwFKBHKUjuyJf2weEnqICQLaY0TdIrdFv2yC8bsiR2VFYxizOn3C/qN1FWCCb0Uh9GhW+zwAV1yUxPjiocw==",
        "dependencies": {
          "Google.Apis": "1.72.0",
          "Google.Apis.Core": "1.72.0",
          "System.Management": "7.0.2"
        }
      },
      "Google.Apis.Core": {
        "type": "Transitive",
        "resolved": "1.72.0",
        "contentHash": "ZmYX1PU0vTKFT42c7gp4zaYcb/0TFAXrt9qw8yEz0wjvaug85+/WddlPTfT525Qei8iIUsF6t4bHYrsb2O7crg==",
        "dependencies": {
          "Newtonsoft.Json": "13.0.4"
        }
      },
      "Google.Protobuf": {
        "type": "Transitive",
        "resolved": "3.31.1",
        "contentHash": "gSnJbUmGiOTdWddPhqzrEscHq9Ls6sqRDPB9WptckyjTUyx70JOOAaDLkFff8gManZNN3hllQ4aQInnQyq/Z/A=="
      },
      "Grpc.Auth": {
        "type": "Transitive",
        "resolved": "2.71.0",
        "contentHash": "t2aGh/pMgqmc3GimtYfC7VcgVY/VSbk6SLH+61wewsgK45tzxxD9nYYItT5bpLn7fbebirmHXfgJcVKIArd0cg==",
        "dependencies": {
          "Google.Apis.Auth": "1.69.0",
          "Grpc.Core.Api": "2.71.0"
        }
      },
      "Grpc.Net.Client": {
        "type": "Transitive",
        "resolved": "2.71.0",
        "contentHash": "U1vr20r5ngoT9nlb7wejF28EKN+taMhJsV9XtK9MkiepTZwnKxxiarriiMfCHuDAfPUm9XUjFMn/RIuJ4YY61w==",
        "dependencies": {
          "Grpc.Net.Common": "2.71.0",
          "Microsoft.Extensions.Logging.Abstractions": "6.0.0"
        }
      },
      "Grpc.Net.Common": {
        "type": "Transitive",
        "resolved": "2.71.0",
        "contentHash": "v0c8R97TwRYwNXlC8GyRXwYTCNufpDfUtj9la+wUrZFzVWkFJuNAltU+c0yI3zu0jl54k7en6u2WKgZgd57r2Q==",
        "dependencies": {
          "Grpc.Core.Api": "2.71.0"
        }
      },
      "JetBrains.Annotations": {
        "type": "Transitive",
        "resolved": "2024.3.0",
        "contentHash": "ox5pkeLQXjvJdyAB4b2sBYAlqZGLh3PjSnP1bQNVx72ONuTJ9+34/+Rq91Fc0dG29XG9RgZur9+NcP4riihTug=="
      },
      "Microsoft.Bcl.AsyncInterfaces": {
        "type": "Transitive",
        "resolved": "10.0.3",
        "contentHash": "TV62UsrJZPX6gbt3c4WrtXh7bmaDIcMqf9uft1cc4L6gJXOU07hDGEh+bFQh/L2Az0R1WVOkiT66lFqS6G2NmA=="
      },
      "Microsoft.CodeCoverage": {
        "type": "Transitive",
        "resolved": "18.10.1",
        "contentHash": "tV7tCyp/t+DuwQugLkCeUN7NBFFB4fEGRPr0gkMQ2nQgAvQQjmGlZZi1dsLzbyoe/A0mbnKybmkIh8qhT9p4Zw=="
      },
      "Microsoft.Extensions.Caching.Abstractions": {
        "type": "Transitive",
        "resolved": "10.0.12",
        "contentHash": "sI3A6MUAyZwccLnwq0cXuRmC3WBtXieimBWafXSfhRJ4jnM2uGVXrqImDDVyW27u4vVaTOGlJxNJd8d1FGvCNQ==",
        "dependencies": {
          "Microsoft.Extensions.Primitives": "10.0.12"
        }
      },
      "Microsoft.Extensions.Configuration": {
        "type": "Transitive",
        "resolved": "10.0.12",
        "contentHash": "e3IPP32CRNL031VZJAUTlCTG0YN7WFh4mN3fsSHTDQCJB+3+f0jGycv4fXk3rrftaY3B85XrQaj7sRthrOsavg==",
        "dependencies": {
          "Microsoft.Extensions.Configuration.Abstractions": "10.0.12",
          "Microsoft.Extensions.Primitives": "10.0.12"
        }
      },
      "Microsoft.Extensions.Configuration.Abstractions": {
        "type": "Transitive",
        "resolved": "10.0.12",
        "contentHash": "8xaGcvS/qZ1otoxPQCEJkNva389CVL/plNcvIETZhQTETYdRkYDPEYhUMoAGONo4FU45ufdfE0j29AfWVVj0wA==",
        "dependencies": {
          "Microsoft.Extensions.Primitives": "10.0.12"
        }
      },
      "Microsoft.Extensions.Diagnostics.Abstractions": {
        "type": "Transitive",
        "resolved": "10.0.12",
        "contentHash": "fMp91qlRlMOuHfMyp7LuAnOS+MOeWTF1obJmyFcs4nZCXu6pr+QB1AbFJcl2qpBltBrqF/Y7+Rn9IuNcSuctig==",
        "dependencies": {
          "Microsoft.Extensions.DependencyInjection.Abstractions": "10.0.12",
          "Microsoft.Extensions.Options": "10.0.12"
        }
      },
      "Microsoft.Extensions.FileProviders.Abstractions": {
        "type": "Transitive",
        "resolved": "10.0.12",
        "contentHash": "iQseV6HixWzEYQH4i++84ToIroXnM5jC1TJF4EqBz3lWNG1HBTMYDLkRb6Wm3wk5V6WqSfl7NukO/LYsloGyfg==",
        "dependencies": {
          "Microsoft.Extensions.Primitives": "10.0.12"
        }
      },
      "Microsoft.Extensions.Primitives": {
        "type": "Transitive",
        "resolved": "10.0.12",
        "contentHash": "dYfCLR52UA+3DL7C4I/pvSaRPkNqxrUAQmbFL2u0zvYKKzqgrFCJl08Df+F1aYc8leu9JvpC9bsURUdpExcBXQ=="
      },
      "Microsoft.Identity.Client": {
        "type": "Transitive",
        "resolved": "4.83.1",
        "contentHash": "jOLIrZ3cynoqHLLO1cXplFFabrhrMEYs/EuKHvmCyrOm1axqiVFT6nCSnHxk7w5+d2BeQfCdM12Yf/0X7OeS1g==",
        "dependencies": {
          "Microsoft.IdentityModel.Abstractions": "8.14.0"
        }
      },
      "Microsoft.Identity.Client.Extensions.Msal": {
        "type": "Transitive",
        "resolved": "4.83.1",
        "contentHash": "I3k4J4Hj4KbLEFanjeUzzDOVecukETaTgEkJ7h2pP/Yazs6SLp6TVUTo/Eo+ptPXMwvc+iX7rBFtMSUrA7R+Mg==",
        "dependencies": {
          "Microsoft.Identity.Client": "4.83.1",
          "System.Security.Cryptography.ProtectedData": "4.5.0"
        }
      },
      "Microsoft.IdentityModel.Abstractions": {
        "type": "Transitive",
        "resolved": "8.14.0",
        "contentHash": "iwbCpSjD3ehfTwBhtSNEtKPK0ICun6ov7Ibx6ISNA9bfwIyzI2Siwyi9eJFCJBwxowK9xcA1mj+jBWiigeqgcQ=="
      },
      "Microsoft.NETCore.Platforms": {
        "type": "Transitive",
        "resolved": "1.1.0",
        "contentHash": "kz0PEW2lhqygehI/d6XsPCQzD7ff7gUJaVGPVETX611eadGsA3A877GdSlU0LRVMCTH/+P3o2iDTak+S08V2+A=="
      },
      "Microsoft.TestPlatform.ObjectModel": {
        "type": "Transitive",
        "resolved": "18.10.1",
        "contentHash": "o+PuLDRVp1iwiVAPBADZItXgm9Ck23XtPhE4kZtZVi0uYnMiiz1Dx9Cjh75kJ+ijfqnORL3VOTOaQVKi0f/ixg=="
      },
      "Microsoft.TestPlatform.TestHost": {
        "type": "Transitive",
        "resolved": "18.10.1",
        "contentHash": "KYz2omqkoz9E2mWa4fdgT+Ycie1wi5968EmyJlusjlp87RxxtA2FvDm8tcBEYIDzLnkWGnsKjE4d13Z7/rxkQA==",
        "dependencies": {
          "Microsoft.TestPlatform.ObjectModel": "18.10.1"
        }
      },
      "NETStandard.Library": {
        "type": "Transitive",
        "resolved": "1.6.1",
        "contentHash": "WcSp3+vP+yHNgS8EV5J7pZ9IRpeDuARBPN28by8zqff1wJQXm26PVU8L3/fYLBJVU7BtDyqNVWq2KlCVvSSR4A==",
        "dependencies": {
          "Microsoft.NETCore.Platforms": "1.1.0"
        }
      },
      "Newtonsoft.Json": {
        "type": "Transitive",
        "resolved": "13.0.4",
        "contentHash": "pdgNNMai3zv51W5aq268sujXUyx7SNdE2bj1wZcWjAQrKMFZV260lbqYop1d2GM67JI1huLRwxo9ZqnfF/lC6A=="
      },
      "NSubstitute": {
        "type": "Transitive",
        "resolved": "5.3.0",
        "contentHash": "lJ47Cps5Qzr86N99lcwd+OUvQma7+fBgr8+Mn+aOC0WrlqMNkdivaYD9IvnZ5Mqo6Ky3LS7ZI+tUq1/s9ERd0Q==",
        "dependencies": {
          "Castle.Core": "5.1.1"
        }
      },
      "SonarAnalyzer.CSharp": {
        "type": "Transitive",
        "resolved": "9.32.0.97167",
        "contentHash": "Yxk86RV+8ynJpUhku1Yw2hITFmnmXKkXJ73cIFSy85ol5SnWREQg9RuTyV8nI7V7+pyLKpCfRmD7P0widsgjkg=="
      },
      "StyleCop.Analyzers.Unstable": {
        "type": "Transitive",
        "resolved": "1.2.0.556",
        "contentHash": "zvn9Mqs/ox/83cpYPignI8hJEM2A93s2HkHs8HYMOAQW0PkampyoErAiIyKxgTLqbbad29HX/shv/6LGSjPJNQ=="
      },
      "System.ClientModel": {
        "type": "Transitive",
        "resolved": "1.10.0",
        "contentHash": "lBEWs54F5Y5pZ9hC+8z4S/X76957ex+DPk7WecRHlbIHtrPfbRMMlOgI3iDn4Jpb3bSxvBnKaaHoD59auFjlBA==",
        "dependencies": {
          "Microsoft.Extensions.Configuration.Abstractions": "10.0.3",
          "Microsoft.Extensions.Hosting.Abstractions": "10.0.3",
          "Microsoft.Extensions.Logging.Abstractions": "10.0.3",
          "System.Memory.Data": "10.0.3"
        }
      },
      "System.CodeDom": {
        "type": "Transitive",
        "resolved": "7.0.0",
        "contentHash": "GLltyqEsE5/3IE+zYRP5sNa1l44qKl9v+bfdMcwg+M9qnQf47wK3H0SUR/T+3N4JEQXF3vV4CSuuo0rsg+nq2A=="
      },
      "System.Diagnostics.EventLog": {
        "type": "Transitive",
        "resolved": "6.0.0",
        "contentHash": "lcyUiXTsETK2ALsZrX+nWuHSIQeazhqPphLfaRxzdGaG93+0kELqpgEHtwWOlQe7+jSFnKwaCAgL4kjeZCQJnw=="
      },
      "System.Management": {
        "type": "Transitive",
        "resolved": "7.0.2",
        "contentHash": "/qEUN91mP/MUQmJnM5y5BdT7ZoPuVrtxnFlbJ8a3kBJGhe2wCzBfnPFtK2wTtEEcf3DMGR9J00GZZfg6HRI6yA==",
        "dependencies": {
          "System.CodeDom": "7.0.0"
        }
      },
      "System.Memory.Data": {
        "type": "Transitive",
        "resolved": "10.0.3",
        "contentHash": "MaGhRfGunmrj/nHjtsi9XkhlYJ/ERGWrbA+BiSKNtGnAjc9XlG5EhAvak6VRcX5LYzPF6pBO8nJ613dTgzabig=="
      },
      "System.Security.Cryptography.ProtectedData": {
        "type": "Transitive",
        "resolved": "4.5.0",
        "contentHash": "wLBKzFnDCxP12VL9ANydSYhk59fC4cvOr9ypYQLPnAj48NQIhqnjdD2yhP8yEKyBJEjERWS9DisKL7rX5eU25Q=="
      },
      "xunit.abstractions": {
        "type": "Transitive",
        "resolved": "2.0.3",
        "contentHash": "pot1I4YOxlWjIb5jmwvvQNbTrZ3lJQ+jUGkGjWE3hEFM0l5gOnBWS+H3qsex68s5cO52g+44vpGzhAt+42vwKg=="
      },
      "xunit.analyzers": {
        "type": "Transitive",
        "resolved": "1.18.0",
        "contentHash": "OtFMHN8yqIcYP9wcVIgJrq01AfTxijjAqVDy/WeQVSyrDC1RzBWeQPztL49DN2syXRah8TYnfvk035s7L95EZQ=="
      },
      "xunit.assert": {
        "type": "Transitive",
        "resolved": "2.9.3",
        "contentHash": "/Kq28fCE7MjOV42YLVRAJzRF0WmEqsmflm0cfpMjGtzQ2lR5mYVj1/i0Y8uDAOLczkL3/jArrwehfMD0YogMAA=="
      },
      "xunit.core": {
        "type": "Transitive",
        "resolved": "2.9.3",
        "contentHash": "BiAEvqGvyme19wE0wTKdADH+NloYqikiU0mcnmiNyXaF9HyHmE6sr/3DC5vnBkgsWaE6yPyWszKSPSApWdRVeQ==",
        "dependencies": {
          "xunit.extensibility.core": "[2.9.3]",
          "xunit.extensibility.execution": "[2.9.3]"
        }
      },
      "xunit.extensibility.core": {
        "type": "Transitive",
        "resolved": "2.9.3",
        "contentHash": "kf3si0YTn2a8J8eZNb+zFpwfoyvIrQ7ivNk5ZYA5yuYk1bEtMe4DxJ2CF/qsRgmEnDr7MnW1mxylBaHTZ4qErA==",
        "dependencies": {
          "xunit.abstractions": "2.0.3"
        }
      },
      "xunit.extensibility.execution": {
        "type": "Transitive",
        "resolved": "2.9.3",
        "contentHash": "yMb6vMESlSrE3Wfj7V6cjQ3S4TXdXpRqYeNEI3zsX31uTsGMJjEw6oD5F5u1cHnMptjhEECnmZSsPxB6ChZHDQ==",
        "dependencies": {
          "xunit.extensibility.core": "[2.9.3]"
        }
      },
      "csag.azuresqlfederatedidentity": {
        "type": "Project",
        "dependencies": {
          "Azure.Identity": "[1.21.0, )",
          "Google.Cloud.Iam.Credentials.V1": "[2.5.0, )",
          "Grpc.Core.Api": "[2.83.0, )",
          "Microsoft.Extensions.Caching.Memory": "[10.0.12, )",
          "Microsoft.Extensions.Configuration.Binder": "[10.0.12, )",
          "Microsoft.Extensions.DependencyInjection.Abstractions": "[10.0.12, )",
          "Microsoft.Extensions.Hosting.Abstractions": "[10.0.12, )",
          "Microsoft.Extensions.Logging.Abstractions": "[10.0.12, )",
          "Microsoft.Extensions.Options": "[10.0.12, )"
        }
      },
      "Azure.Identity": {
        "type": "CentralTransitive",
        "requested": "[1.21.0, )",
        "resolved": "1.21.0",
        "contentHash": "GeFv8sGwRKvDKwI2WFy8r0mhmlxEVZg24Sit2NogTjiSO8RVjllWM65OT6e1sKjOvG8V74y7hAbaELUUPjZQSw==",
        "dependencies": {
          "Azure.Core": "1.53.0"
        }
      },
      "Google.Cloud.Iam.Credentials.V1": {
        "type": "CentralTransitive",
        "requested": "[2.5.0, )",
        "resolved": "2.5.0",
        "contentHash": "5tXD3hX36gT3+QkaNE70Y1U1L053MZZGEalvCRRJGQ3qOCT4WLCFNlTAGPvxj1FN0viNmOKYbbwkI6StUceYrw==",
        "dependencies": {
          "Google.Api.Gax.Grpc": "[4.12.1, 5.0.0)"
        }
      },
      "Grpc.Core.Api": {
        "type": "CentralTransitive",
        "requested": "[2.83.0, )",
        "resolved": "2.83.0",
        "contentHash": "xU8BT2bCw4Ct+/qIFJhhjkDEilKUbBOfp4US7l3Xa3hnlkN9l2LgISCbOw4PFYpW5jJFcK7FUAyWOFIQ94Hiqg=="
      },
      "Microsoft.Extensions.Caching.Memory": {
        "type": "CentralTransitive",
        "requested": "[10.0.12, )",
        "resolved": "10.0.12",
        "contentHash": "fhC3DHcBcFF4bXvHIxFtXJYNut7q7ZItqNFcgWfrIgmpVImlcEKNHhE7ztpNSPJYMHYYStS5QGND2I5mC26yeA==",
        "dependencies": {
          "Microsoft.Extensions.Caching.Abstractions": "10.0.12",
          "Microsoft.Extensions.DependencyInjection.Abstractions": "10.0.12",
          "Microsoft.Extensions.Logging.Abstractions": "10.0.12",
          "Microsoft.Extensions.Options": "10.0.12",
          "Microsoft.Extensions.Primitives": "10.0.12"
        }
      },
      "Microsoft.Extensions.Configuration.Binder": {
        "type": "CentralTransitive",
        "requested": "[10.0.12, )",
        "resolved": "10.0.12",
        "contentHash": "dAgIf1TOr8KLs+aBRIbXUZBjHoSH4rDG8+XkX/Q6AZwkQdMA0+yPDKTHsieeXdZDfpOpZVHzOnuAb5Z2nX3KsA==",
        "dependencies": {
          "Microsoft.Extensions.Configuration": "10.0.12",
          "Microsoft.Extensions.Configuration.Abstractions": "10.0.12"
        }
      },
      "Microsoft.Extensions.DependencyInjection.Abstractions": {
        "type": "CentralTransitive",
        "requested": "[10.0.12, )",
        "resolved": "10.0.12",
        "contentHash": "9/qymSh7hVDMGTGwrLz8MRp5zRyXy9adGDOs4HwRdnLil3oZGYuWeZjbmHgCQ9BL1qBroVfgUK3U/nb61617Cw=="
      },
      "Microsoft.Extensions.Hosting.Abstractions": {
        "type": "CentralTransitive",
        "requested": "[10.0.12, )",
        "resolved": "10.0.12",
        "contentHash": "ZlIxIJtWmrph0Ikj0svSaTkZ+d+ZYpTAhazpf1b3aoFRmlNnNWwkcvqnqT9yKHjKvfBRthvUrkq11OxfItOhpg==",
        "dependencies": {
          "Microsoft.Extensions.Configuration.Abstractions": "10.0.12",
          "Microsoft.Extensions.DependencyInjection.Abstractions": "10.0.12",
          "Microsoft.Extensions.Diagnostics.Abstractions": "10.0.12",
          "Microsoft.Extensions.FileProviders.Abstractions": "10.0.12",
          "Microsoft.Extensions.Logging.Abstractions": "10.0.12"
        }
      },
      "Microsoft.Extensions.Logging.Abstractions": {
        "type": "CentralTransitive",
        "requested": "[10.0.12, )",
        "resolved": "10.0.12",
        "contentHash": "+24lC4plfbEDNfLAdTV/SWKS7dW+16X4HdydO3R++134kSNTzcbYA4KpR1Hdh6uWisB8Za3AzwyOn+K+NxWIug==",
        "dependencies": {
          "Microsoft.Extensions.DependencyInjection.Abstractions": "10.0.12"
        }
      },
      "Microsoft.Extensions.Options": {
        "type": "CentralTransitive",
        "requested": "[10.0.12, )",
        "resolved": "10.0.12",
        "contentHash": "TDYD33TSRpXKZWlmTXNlj5kCihxatmv2Ec1u6C+bMYLphCS7PoSLE9Pjd/nunDoE7yETk+LLKjVJX78HYtWjpA==",
        "dependencies": {
          "Microsoft.Extensions.DependencyInjection.Abstractions": "10.0.12",
          "Microsoft.Extensions.Primitives": "10.0.12"
        }
      }
    },
    "net8.0": {
      "coverlet.collector": {
        "type": "Direct",
        "requested": "[10.0.1, )",
        "resolved": "10.0.1",
        "contentHash": "27jXSV/0DbVqF5jDrAxuQFZ9oaz6gmG03p8ttxAFk+X0M4woFYj7MoWDLCna5EGLb0CE6OE7X6ZH3Wt5smTtaA=="
      },
      "Microsoft.NET.Test.Sdk": {
        "type": "Direct",
        "requested": "[18.10.1, )",
        "resolved": "18.10.1",
        "contentHash": "SxCFvJE/2ltUQgCgv6+Ixagohw4sZc9hM7Wid2foaNM7paBscktoHLoRDz91fW8wbHG87Rg9Ku59/8PXumqUrA==",
        "dependencies": {
          "Microsoft.CodeCoverage": "18.10.1",
          "Microsoft.TestPlatform.TestHost": "18.10.1"
        }
      },
      "Neolution.CodeAnalysis.TestsRuleset": {
        "type": "Direct",
        "requested": "[3.3.0-beta.2, )",
        "resolved": "3.3.0-beta.2",
        "contentHash": "GQXIkpfRlgKFZw+vsQM2wTqRVq10Sq/zcEniQgFGTNZqyBCzogBLzi8FabptRO38yblVPN7YS35IqQ3bJtfp1Q==",
        "dependencies": {
          "SonarAnalyzer.CSharp": "9.32.0.97167",
          "StyleCop.Analyzers.Unstable": "1.2.0.556"
        }
      },
      "Objectivity.AutoFixture.XUnit2.AutoNSubstitute": {
        "type": "Direct",
        "requested": "[3.6.3, )",
        "resolved": "3.6.3",
        "contentHash": "YXjVWh9OumYK0lO9NHLPrNHaYiEvAKeTQ2AI5z8zRJKscbzENjbP66S81xThSN+guODDqc6TdliReGAZ2m4Cfw==",
        "dependencies": {
          "AutoFixture": "4.18.1",
          "AutoFixture.AutoNSubstitute": "4.18.1",
          "AutoFixture.Xunit2": "4.18.1",
          "Castle.Core": "5.2.1",
          "JetBrains.Annotations": "2024.3.0",
          "NSubstitute": "5.3.0",
          "xunit.abstractions": "2.0.3",
          "xunit.core": "2.9.3",
          "xunit.extensibility.core": "2.9.3",
          "xunit.extensibility.execution": "2.9.3"
        }
      },
      "Shouldly": {
        "type": "Direct",
        "requested": "[4.3.0, )",
        "resolved": "4.3.0",
        "contentHash": "sDetrWXrl6YXZ4HeLsdBoNk3uIa7K+V4uvIJ+cqdRa5DrFxeTED7VkjoxCuU1kJWpUuBDZz2QXFzSxBtVXLwRQ==",
        "dependencies": {
          "DiffEngine": "11.3.0",
          "EmptyFiles": "4.4.0"
        }
      },
      "xunit": {
        "type": "Direct",
        "requested": "[2.9.3, )",
        "resolved": "2.9.3",
        "contentHash": "TlXQBinK35LpOPKHAqbLY4xlEen9TBafjs0V5KnA4wZsoQLQJiirCR4CbIXvOH8NzkW4YeJKP5P/Bnrodm0h9Q==",
        "dependencies": {
          "xunit.analyzers": "1.18.0",
          "xunit.assert": "2.9.3",
          "xunit.core": "[2.9.3]"
        }
      },
      "xunit.runner.visualstudio": {
        "type": "Direct",
        "requested": "[3.1.1, )",
        "resolved": "3.1.1",
        "contentHash": "gNu2zhnuwjq5vQlU4S7yK/lfaKZDLmtcu+vTjnhfTlMAUYn+Hmgu8IIX0UCwWepYkk+Szx03DHx1bDnc9Fd+9w=="
      },
      "AutoFixture": {
        "type": "Transitive",
        "resolved": "4.18.1",
        "contentHash": "BmWZDY4fkrYOyd5/CTBOeXbzsNwV8kI4kDi/Ty1Y5F+WDHBVKxzfWlBE4RSicvZ+EOi2XDaN5uwdrHsItLW6Kw==",
        "dependencies": {
          "Fare": "[2.1.1, 3.0.0)"
        }
      },
      "AutoFixture.AutoNSubstitute": {
        "type": "Transitive",
        "resolved": "4.18.1",
        "contentHash": "xJxIsShO/1Ceei7BDFCobFANiw5a+enpdklgX/Xic6vKavHo9gSJO7ZGkKlf2lh+TlblTEet9mjzf9wHWIqWGQ==",
        "dependencies": {
          "AutoFixture": "4.18.1",
          "NSubstitute": "[2.0.3, 6.0.0)"
        }
      },
      "AutoFixture.Xunit2": {
        "type": "Transitive",
        "resolved": "4.18.1",
        "contentHash": "I5Cwv1bvWb0lf2x2zO42bBQ2WaGudBh7tVBCzKIf8KmRJG+hmYY7ku3znnFZDVxbQaihNaqNkztLTwK4PwaoWg==",
        "dependencies": {
          "AutoFixture": "4.18.1",
          "xunit.extensibility.core": "[2.2.0, 3.0.0)"
        }
      },
      "Azure.Core": {
        "type": "Transitive",
        "resolved": "1.53.0",
        "contentHash": "x9c/toFMOtRrlTdFuE7rlGCVAduQzWVfKmLz5juj41zJAXEhYD5hluiUyyAEzJ6OxpBnKtiaBztzwpZITAVjtg==",
        "dependencies": {
          "Microsoft.Bcl.AsyncInterfaces": "10.0.3",
          "Microsoft.Extensions.Configuration.Abstractions": "10.0.3",
          "Microsoft.Extensions.Hosting.Abstractions": "10.0.3",
          "Microsoft.Identity.Client": "4.83.1",
          "Microsoft.Identity.Client.Extensions.Msal": "4.83.1",
          "System.ClientModel": "1.10.0",
          "System.Diagnostics.DiagnosticSource": "10.0.3",
          "System.Memory.Data": "10.0.3",
          "System.Text.Encodings.Web": "10.0.3",
          "System.Text.Json": "10.0.3"
        }
      },
      "Castle.Core": {
        "type": "Transitive",
        "resolved": "5.2.1",
        "contentHash": "wHARzQA695jwwKreOzNsq54KiGqKP38tv8hi8e2FXDEC/sA6BtrX90tVPDkOfVu13PbEzr00TCV8coikl+D1Iw==",
        "dependencies": {
          "System.Diagnostics.EventLog": "6.0.0"
        }
      },
      "DiffEngine": {
        "type": "Transitive",
        "resolved": "11.3.0",
        "contentHash": "k0ZgZqd09jLZQjR8FyQbSQE86Q7QZnjEzq1LPHtj1R2AoWO8sjV5x+jlSisL7NZAbUOI4y+7Bog8gkr9WIRBGw==",
        "dependencies": {
          "EmptyFiles": "4.4.0",
          "System.Management": "6.0.1"
        }
      },
      "EmptyFiles": {
        "type": "Transitive",
        "resolved": "4.4.0",
        "contentHash": "gwJEfIGS7FhykvtZoscwXj/XwW+mJY6UbAZk+qtLKFUGWC95kfKXnj8VkxsZQnWBxJemM/q664rGLN5nf+OHZw=="
      },
      "Fare": {
        "type": "Transitive",
        "resolved": "2.1.1",
        "contentHash": "HaI8puqA66YU7/9cK4Sgbs1taUTP1Ssa4QT2PIzqJ7GvAbN1QgkjbRsjH+FSbMh1MJdvS0CIwQNLtFT+KF6KpA==",
        "dependencies": {
          "NETStandard.Library": "1.6.1"
        }
      },
      "Google.Api.CommonProtos": {
        "type": "Transitive",
        "resolved": "2.17.0",
        "contentHash": "elfQPknFr495hm7vdy6ZlgyQh6yzZq9TU7sS35L/Fj/fqjM/mUGau9gVJLhvQEtUlPjtR80hpn/m9HvBMyCXIw==",
        "dependencies": {
          "Google.Protobuf": "[3.31.1, 4.0.0]"
        }
      },
      "Google.Api.Gax": {
        "type": "Transitive",
        "resolved": "4.12.1",
        "contentHash": "G62dRNOv5DolfRviT6CCrL2a5nZ/CWWdRzhADkGnpCkYSOc3QnH5xxRvZiOKuHU8weJ/pAqAqrj7+T9IWdlu2Q==",
        "dependencies": {
          "Microsoft.Bcl.AsyncInterfaces": "6.0.0",
          "Newtonsoft.Json": "13.0.4"
        }
      },
      "Google.Api.Gax.Grpc": {
        "type": "Transitive",
        "resolved": "4.12.1",
        "contentHash": "W3LjuitOWxWyvbwqeHvpgp0LdshEiTnw/pneDAfAhQ02VgU2gVEzSXfGNPsvL8hDPBXjngR/fWNme8Kungwwkw==",
        "dependencies": {
          "Google.Api.CommonProtos": "2.17.0",
          "Google.Api.Gax": "4.12.1",
          "Google.Apis.Auth": "1.72.0",
          "Grpc.Auth": "[2.71.0, 3.0.0)",
          "Grpc.Core.Api": "[2.71.0, 3.0.0)",
          "Grpc.Net.Client": "[2.71.0, 3.0.0)",
          "Microsoft.Extensions.DependencyInjection.Abstractions": "6.0.0"
        }
      },
      "Google.Apis": {
        "type": "Transitive",
        "resolved": "1.72.0",
        "contentHash": "QbSJ08W7QuqsfzDPOZDHl1aFzCYwMcfBoHqQRh7koglwDN5WacShCKYMpU/zR1Pf3h3sH6JTGEeM/txAxaJuEg==",
        "dependencies": {
          "Google.Apis.Core": "1.72.0"
        }
      },
      "Google.Apis.Auth": {
        "type": "Transitive",
        "resolved": "1.72.0",
        "contentHash": "RBoFwFKBHKUjuyJf2weEnqICQLaY0TdIrdFv2yC8bsiR2VFYxizOn3C/qN1FWCCb0Uh9GhW+zwAV1yUxPjiocw==",
        "dependencies": {
          "Google.Apis": "1.72.0",
          "Google.Apis.Core": "1.72.0",
          "System.Management": "7.0.2"
        }
      },
      "Google.Apis.Core": {
        "type": "Transitive",
        "resolved": "1.72.0",
        "contentHash": "ZmYX1PU0vTKFT42c7gp4zaYcb/0TFAXrt9qw8yEz0wjvaug85+/WddlPTfT525Qei8iIUsF6t4bHYrsb2O7crg==",
        "dependencies": {
          "Newtonsoft.Json": "13.0.4"
        }
      },
      "Google.Protobuf": {
        "type": "Transitive",
        "resolved": "3.31.1",
        "contentHash": "gSnJbUmGiOTdWddPhqzrEscHq9Ls6sqRDPB9WptckyjTUyx70JOOAaDLkFff8gManZNN3hllQ4aQInnQyq/Z/A=="
      },
      "Grpc.Auth": {
        "type": "Transitive",
        "resolved": "2.71.0",
        "contentHash": "t2aGh/pMgqmc3GimtYfC7VcgVY/VSbk6SLH+61wewsgK45tzxxD9nYYItT5bpLn7fbebirmHXfgJcVKIArd0cg==",
        "dependencies": {
          "Google.Apis.Auth": "1.69.0",
          "Grpc.Core.Api": "2.71.0"
        }
      },
      "Grpc.Net.Client": {
        "type": "Transitive",
        "resolved": "2.71.0",
        "contentHash": "U1vr20r5ngoT9nlb7wejF28EKN+taMhJsV9XtK9MkiepTZwnKxxiarriiMfCHuDAfPUm9XUjFMn/RIuJ4YY61w==",
        "dependencies": {
          "Grpc.Net.Common": "2.71.0",
          "Microsoft.Extensions.Logging.Abstractions": "6.0.0"
        }
      },
      "Grpc.Net.Common": {
        "type": "Transitive",
        "resolved": "2.71.0",
        "contentHash": "v0c8R97TwRYwNXlC8GyRXwYTCNufpDfUtj9la+wUrZFzVWkFJuNAltU+c0yI3zu0jl54k7en6u2WKgZgd57r2Q==",
        "dependencies": {
          "Grpc.Core.Api": "2.71.0"
        }
      },
      "JetBrains.Annotations": {
        "type": "Transitive",
        "resolved": "2024.3.0",
        "contentHash": "ox5pkeLQXjvJdyAB4b2sBYAlqZGLh3PjSnP1bQNVx72ONuTJ9+34/+Rq91Fc0dG29XG9RgZur9+NcP4riihTug=="
      },
      "Microsoft.Bcl.AsyncInterfaces": {
        "type": "Transitive",
        "resolved": "10.0.3",
        "contentHash": "TV62UsrJZPX6gbt3c4WrtXh7bmaDIcMqf9uft1cc4L6gJXOU07hDGEh+bFQh/L2Az0R1WVOkiT66lFqS6G2NmA=="
      },
      "Microsoft.CodeCoverage": {
        "type": "Transitive",
        "resolved": "18.10.1",
        "contentHash": "tV7tCyp/t+DuwQugLkCeUN7NBFFB4fEGRPr0gkMQ2nQgAvQQjmGlZZi1dsLzbyoe/A0mbnKybmkIh8qhT9p4Zw=="
      },
      "Microsoft.Extensions.Caching.Abstractions": {
        "type": "Transitive",
        "resolved": "10.0.12",
        "contentHash": "sI3A6MUAyZwccLnwq0cXuRmC3WBtXieimBWafXSfhRJ4jnM2uGVXrqImDDVyW27u4vVaTOGlJxNJd8d1FGvCNQ==",
        "dependencies": {
          "Microsoft.Extensions.Primitives": "10.0.12"
        }
      },
      "Microsoft.Extensions.Configuration": {
        "type": "Transitive",
        "resolved": "10.0.12",
        "contentHash": "e3IPP32CRNL031VZJAUTlCTG0YN7WFh4mN3fsSHTDQCJB+3+f0jGycv4fXk3rrftaY3B85XrQaj7sRthrOsavg==",
        "dependencies": {
          "Microsoft.Extensions.Configuration.Abstractions": "10.0.12",
          "Microsoft.Extensions.Primitives": "10.0.12"
        }
      },
      "Microsoft.Extensions.Configuration.Abstractions": {
        "type": "Transitive",
        "resolved": "10.0.12",
        "contentHash": "8xaGcvS/qZ1otoxPQCEJkNva389CVL/plNcvIETZhQTETYdRkYDPEYhUMoAGONo4FU45ufdfE0j29AfWVVj0wA==",
        "dependencies": {
          "Microsoft.Extensions.Primitives": "10.0.12"
        }
      },
      "Microsoft.Extensions.Diagnostics.Abstractions": {
        "type": "Transitive",
        "resolved": "10.0.12",
        "contentHash": "fMp91qlRlMOuHfMyp7LuAnOS+MOeWTF1obJmyFcs4nZCXu6pr+QB1AbFJcl2qpBltBrqF/Y7+Rn9IuNcSuctig==",
        "dependencies": {
          "Microsoft.Extensions.DependencyInjection.Abstractions": "10.0.12",
          "Microsoft.Extensions.Options": "10.0.12",
          "System.Diagnostics.DiagnosticSource": "10.0.12"
        }
      },
      "Microsoft.Extensions.FileProviders.Abstractions": {
        "type": "Transitive",
        "resolved": "10.0.12",
        "contentHash": "iQseV6HixWzEYQH4i++84ToIroXnM5jC1TJF4EqBz3lWNG1HBTMYDLkRb6Wm3wk5V6WqSfl7NukO/LYsloGyfg==",
        "dependencies": {
          "Microsoft.Extensions.Primitives": "10.0.12"
        }
      },
      "Microsoft.Extensions.Primitives": {
        "type": "Transitive",
        "resolved": "10.0.12",
        "contentHash": "dYfCLR52UA+3DL7C4I/pvSaRPkNqxrUAQmbFL2u0zvYKKzqgrFCJl08Df+F1aYc8leu9JvpC9bsURUdpExcBXQ=="
      },
      "Microsoft.Identity.Client": {
        "type": "Transitive",
        "resolved": "4.83.1",
        "contentHash": "jOLIrZ3cynoqHLLO1cXplFFabrhrMEYs/EuKHvmCyrOm1axqiVFT6nCSnHxk7w5+d2BeQfCdM12Yf/0X7OeS1g==",
        "dependencies": {
          "Microsoft.IdentityModel.Abstractions": "8.14.0"
        }
      },
      "Microsoft.Identity.Client.Extensions.Msal": {
        "type": "Transitive",
        "resolved": "4.83.1",
        "contentHash": "I3k4J4Hj4KbLEFanjeUzzDOVecukETaTgEkJ7h2pP/Yazs6SLp6TVUTo/Eo+ptPXMwvc+iX7rBFtMSUrA7R+Mg==",
        "dependencies": {
          "Microsoft.Identity.Client": "4.83.1",
          "System.Security.Cryptography.ProtectedData": "4.5.0"
        }
      },
      "Microsoft.IdentityModel.Abstractions": {
        "type": "Transitive",
        "resolved": "8.14.0",
        "contentHash": "iwbCpSjD3ehfTwBhtSNEtKPK0ICun6ov7Ibx6ISNA9bfwIyzI2Siwyi9eJFCJBwxowK9xcA1mj+jBWiigeqgcQ=="
      },
      "Microsoft.NETCore.Platforms": {
        "type": "Transitive",
        "resolved": "1.1.0",
        "contentHash": "kz0PEW2lhqygehI/d6XsPCQzD7ff7gUJaVGPVETX611eadGsA3A877GdSlU0LRVMCTH/+P3o2iDTak+S08V2+A=="
      },
      "Microsoft.TestPlatform.ObjectModel": {
        "type": "Transitive",
        "resolved": "18.10.1",
        "contentHash": "o+PuLDRVp1iwiVAPBADZItXgm9Ck23XtPhE4kZtZVi0uYnMiiz1Dx9Cjh75kJ+ijfqnORL3VOTOaQVKi0f/ixg=="
      },
      "Microsoft.TestPlatform.TestHost": {
        "type": "Transitive",
        "resolved": "18.10.1",
        "contentHash": "KYz2omqkoz9E2mWa4fdgT+Ycie1wi5968EmyJlusjlp87RxxtA2FvDm8tcBEYIDzLnkWGnsKjE4d13Z7/rxkQA==",
        "dependencies": {
          "Microsoft.TestPlatform.ObjectModel": "18.10.1"
        }
      },
      "NETStandard.Library": {
        "type": "Transitive",
        "resolved": "1.6.1",
        "contentHash": "WcSp3+vP+yHNgS8EV5J7pZ9IRpeDuARBPN28by8zqff1wJQXm26PVU8L3/fYLBJVU7BtDyqNVWq2KlCVvSSR4A==",
        "dependencies": {
          "Microsoft.NETCore.Platforms": "1.1.0"
        }
      },
      "Newtonsoft.Json": {
        "type": "Transitive",
        "resolved": "13.0.4",
        "contentHash": "pdgNNMai3zv51W5aq268sujXUyx7SNdE2bj1wZcWjAQrKMFZV260lbqYop1d2GM67JI1huLRwxo9ZqnfF/lC6A=="
      },
      "NSubstitute": {
        "type": "Transitive",
        "resolved": "5.3.0",
        "contentHash": "lJ47Cps5Qzr86N99lcwd+OUvQma7+fBgr8+Mn+aOC0WrlqMNkdivaYD9IvnZ5Mqo6Ky3LS7ZI+tUq1/s9ERd0Q==",
        "dependencies": {
          "Castle.Core": "5.1.1"
        }
      },
      "SonarAnalyzer.CSharp": {
        "type": "Transitive",
        "resolved": "9.32.0.97167",
        "contentHash": "Yxk86RV+8ynJpUhku1Yw2hITFmnmXKkXJ73cIFSy85ol5SnWREQg9RuTyV8nI7V7+pyLKpCfRmD7P0widsgjkg=="
      },
      "StyleCop.Analyzers.Unstable": {
        "type": "Transitive",
        "resolved": "1.2.0.556",
        "contentHash": "zvn9Mqs/ox/83cpYPignI8hJEM2A93s2HkHs8HYMOAQW0PkampyoErAiIyKxgTLqbbad29HX/shv/6LGSjPJNQ=="
      },
      "System.ClientModel": {
        "type": "Transitive",
        "resolved": "1.10.0",
        "contentHash": "lBEWs54F5Y5pZ9hC+8z4S/X76957ex+DPk7WecRHlbIHtrPfbRMMlOgI3iDn4Jpb3bSxvBnKaaHoD59auFjlBA==",
        "dependencies": {
          "Microsoft.Extensions.Configuration.Abstractions": "10.0.3",
          "Microsoft.Extensions.Hosting.Abstractions": "10.0.3",
          "Microsoft.Extensions.Logging.Abstractions": "10.0.3",
          "System.Diagnostics.DiagnosticSource": "10.0.3",
          "System.Memory.Data": "10.0.3",
          "System.Text.Json": "10.0.3"
        }
      },
      "System.CodeDom": {
        "type": "Transitive",
        "resolved": "7.0.0",
        "contentHash": "GLltyqEsE5/3IE+zYRP5sNa1l44qKl9v+bfdMcwg+M9qnQf47wK3H0SUR/T+3N4JEQXF3vV4CSuuo0rsg+nq2A=="
      },
      "System.Diagnostics.DiagnosticSource": {
        "type": "Transitive",
        "resolved": "10.0.12",
        "contentHash": "CRZTWYO0rzEcJN/6SuN1kMvQOJT7vyHZ64CCkQs0RRWTj7kH2KMkaMalbsbSI/eg5dS5JAQfQFFuuWgn+XRMsQ=="
      },
      "System.Diagnostics.EventLog": {
        "type": "Transitive",
        "resolved": "6.0.0",
        "contentHash": "lcyUiXTsETK2ALsZrX+nWuHSIQeazhqPphLfaRxzdGaG93+0kELqpgEHtwWOlQe7+jSFnKwaCAgL4kjeZCQJnw=="
      },
      "System.IO.Pipelines": {
        "type": "Transitive",
        "resolved": "10.0.3",
        "contentHash": "WMxiA2jGdHnRBmoVK55YUq5VPaxW0Sg2frPtXV+urUMvpqHIga6lleV/YuryHIuGsAKVjQAjv6PrQ6IJpoLohQ=="
      },
      "System.Management": {
        "type": "Transitive",
        "resolved": "7.0.2",
        "contentHash": "/qEUN91mP/MUQmJnM5y5BdT7ZoPuVrtxnFlbJ8a3kBJGhe2wCzBfnPFtK2wTtEEcf3DMGR9J00GZZfg6HRI6yA==",
        "dependencies": {
          "System.CodeDom": "7.0.0"
        }
      },
      "System.Memory.Data": {
        "type": "Transitive",
        "resolved": "10.0.3",
        "contentHash": "MaGhRfGunmrj/nHjtsi9XkhlYJ/ERGWrbA+BiSKNtGnAjc9XlG5EhAvak6VRcX5LYzPF6pBO8nJ613dTgzabig==",
        "dependencies": {
          "System.Text.Json": "10.0.3"
        }
      },
      "System.Security.Cryptography.ProtectedData": {
        "type": "Transitive",
        "resolved": "4.5.0",
        "contentHash": "wLBKzFnDCxP12VL9ANydSYhk59fC4cvOr9ypYQLPnAj48NQIhqnjdD2yhP8yEKyBJEjERWS9DisKL7rX5eU25Q=="
      },
      "System.Text.Encodings.Web": {
        "type": "Transitive",
        "resolved": "10.0.3",
        "contentHash": "l8QNBPp92bVzl9Kw8nNtm1uYRNNhUrdulZjM4a8YK/QGNa8z9utKsC0bDoPB+Vq8LOlbD3fIyGlabtz80jT7cw=="
      },
      "System.Text.Json": {
        "type": "Transitive",
        "resolved": "10.0.3",
        "contentHash": "NTUt9DL+maqbgrIYCAmeZUbX0NoXaueySyjW/bdOlFdSUDC1l51XnsbVEuj5tuad12vdq5Sviskp9uMVGgCNLw==",
        "dependencies": {
          "System.IO.Pipelines": "10.0.3",
          "System.Text.Encodings.Web": "10.0.3"
        }
      },
      "xunit.abstractions": {
        "type": "Transitive",
        "resolved": "2.0.3",
        "contentHash": "pot1I4YOxlWjIb5jmwvvQNbTrZ3lJQ+jUGkGjWE3hEFM0l5gOnBWS+H3qsex68s5cO52g+44vpGzhAt+42vwKg=="
      },
      "xunit.analyzers": {
        "type": "Transitive",
        "resolved": "1.18.0",
        "contentHash": "OtFMHN8yqIcYP9wcVIgJrq01AfTxijjAqVDy/WeQVSyrDC1RzBWeQPztL49DN2syXRah8TYnfvk035s7L95EZQ=="
      },
      "xunit.assert": {
        "type": "Transitive",
        "resolved": "2.9.3",
        "contentHash": "/Kq28fCE7MjOV42YLVRAJzRF0WmEqsmflm0cfpMjGtzQ2lR5mYVj1/i0Y8uDAOLczkL3/jArrwehfMD0YogMAA=="
      },
      "xunit.core": {
        "type": "Transitive",
        "resolved": "2.9.3",
        "contentHash": "BiAEvqGvyme19wE0wTKdADH+NloYqikiU0mcnmiNyXaF9HyHmE6sr/3DC5vnBkgsWaE6yPyWszKSPSApWdRVeQ==",
        "dependencies": {
          "xunit.extensibility.core": "[2.9.3]",
          "xunit.extensibility.execution": "[2.9.3]"
        }
      },
      "xunit.extensibility.core": {
        "type": "Transitive",
        "resolved": "2.9.3",
        "contentHash": "kf3si0YTn2a8J8eZNb+zFpwfoyvIrQ7ivNk5ZYA5yuYk1bEtMe4DxJ2CF/qsRgmEnDr7MnW1mxylBaHTZ4qErA==",
        "dependencies": {
          "xunit.abstractions": "2.0.3"
        }
      },
      "xunit.extensibility.execution": {
        "type": "Transitive",
        "resolved": "2.9.3",
        "contentHash": "yMb6vMESlSrE3Wfj7V6cjQ3S4TXdXpRqYeNEI3zsX31uTsGMJjEw6oD5F5u1cHnMptjhEECnmZSsPxB6ChZHDQ==",
        "dependencies": {
          "xunit.extensibility.core": "[2.9.3]"
        }
      },
      "csag.azuresqlfederatedidentity": {
        "type": "Project",
        "dependencies": {
          "Azure.Identity": "[1.21.0, )",
          "Google.Cloud.Iam.Credentials.V1": "[2.5.0, )",
          "Grpc.Core.Api": "[2.83.0, )",
          "Microsoft.Extensions.Caching.Memory": "[10.0.12, )",
          "Microsoft.Extensions.Configuration.Binder": "[10.0.12, )",
          "Microsoft.Extensions.DependencyInjection.Abstractions": "[10.0.12, )",
          "Microsoft.Extensions.Hosting.Abstractions": "[10.0.12, )",
          "Microsoft.Extensions.Logging.Abstractions": "[10.0.12, )",
          "Microsoft.Extensions.Options": "[10.0.12, )"
        }
      },
      "Azure.Identity": {
        "type": "CentralTransitive",
        "requested": "[1.21.0, )",
        "resolved": "1.21.0",
        "contentHash": "GeFv8sGwRKvDKwI2WFy8r0mhmlxEVZg24Sit2NogTjiSO8RVjllWM65OT6e1sKjOvG8V74y7hAbaELUUPjZQSw==",
        "dependencies": {
          "Azure.Core": "1.53.0"
        }
      },
      "Google.Cloud.Iam.Credentials.V1": {
        "type": "CentralTransitive",
        "requested": "[2.5.0, )",
        "resolved": "2.5.0",
        "contentHash": "5tXD3hX36gT3+QkaNE70Y1U1L053MZZGEalvCRRJGQ3qOCT4WLCFNlTAGPvxj1FN0viNmOKYbbwkI6StUceYrw==",
        "dependencies": {
          "Google.Api.Gax.Grpc": "[4.12.1, 5.0.0)"
        }
      },
      "Grpc.Core.Api": {
        "type": "CentralTransitive",
        "requested": "[2.83.0, )",
        "resolved": "2.83.0",
        "contentHash": "xU8BT2bCw4Ct+/qIFJhhjkDEilKUbBOfp4US7l3Xa3hnlkN9l2LgISCbOw4PFYpW5jJFcK7FUAyWOFIQ94Hiqg=="
      },
      "Microsoft.Extensions.Caching.Memory": {
        "type": "CentralTransitive",
        "requested": "[10.0.12, )",
        "resolved": "10.0.12",
        "contentHash": "fhC3DHcBcFF4bXvHIxFtXJYNut7q7ZItqNFcgWfrIgmpVImlcEKNHhE7ztpNSPJYMHYYStS5QGND2I5mC26yeA==",
        "dependencies": {
          "Microsoft.Extensions.Caching.Abstractions": "10.0.12",
          "Microsoft.Extensions.DependencyInjection.Abstractions": "10.0.12",
          "Microsoft.Extensions.Logging.Abstractions": "10.0.12",
          "Microsoft.Extensions.Options": "10.0.12",
          "Microsoft.Extensions.Primitives": "10.0.12"
        }
      },
      "Microsoft.Extensions.Configuration.Binder": {
        "type": "CentralTransitive",
        "requested": "[10.0.12, )",
        "resolved": "10.0.12",
        "contentHash": "dAgIf1TOr8KLs+aBRIbXUZBjHoSH4rDG8+XkX/Q6AZwkQdMA0+yPDKTHsieeXdZDfpOpZVHzOnuAb5Z2nX3KsA==",
        "dependencies": {
          "Microsoft.Extensions.Configuration": "10.0.12",
          "Microsoft.Extensions.Configuration.Abstractions": "10.0.12"
        }
      },
      "Microsoft.Extensions.DependencyInjection.Abstractions": {
        "type": "CentralTransitive",
        "requested": "[10.0.12, )",
        "resolved": "10.0.12",
        "contentHash": "9/qymSh7hVDMGTGwrLz8MRp5zRyXy9adGDOs4HwRdnLil3oZGYuWeZjbmHgCQ9BL1qBroVfgUK3U/nb61617Cw=="
      },
      "Microsoft.Extensions.Hosting.Abstractions": {
        "type": "CentralTransitive",
        "requested": "[10.0.12, )",
        "resolved": "10.0.12",
        "contentHash": "ZlIxIJtWmrph0Ikj0svSaTkZ+d+ZYpTAhazpf1b3aoFRmlNnNWwkcvqnqT9yKHjKvfBRthvUrkq11OxfItOhpg==",
        "dependencies": {
          "Microsoft.Extensions.Configuration.Abstractions": "10.0.12",
          "Microsoft.Extensions.DependencyInjection.Abstractions": "10.0.12",
          "Microsoft.Extensions.Diagnostics.Abstractions": "10.0.12",
          "Microsoft.Extensions.FileProviders.Abstractions": "10.0.12",
          "Microsoft.Extensions.Logging.Abstractions": "10.0.12"
        }
      },
      "Microsoft.Extensions.Logging.Abstractions": {
        "type": "CentralTransitive",
        "requested": "[10.0.12, )",
        "resolved": "10.0.12",
        "contentHash": "+24lC4plfbEDNfLAdTV/SWKS7dW+16X4HdydO3R++134kSNTzcbYA4KpR1Hdh6uWisB8Za3AzwyOn+K+NxWIug==",
        "dependencies": {
          "Microsoft.Extensions.DependencyInjection.Abstractions": "10.0.12",
          "System.Diagnostics.DiagnosticSource": "10.0.12"
        }
      },
      "Microsoft.Extensions.Options": {
        "type": "CentralTransitive",
        "requested": "[10.0.12, )",
        "resolved": "10.0.12",
        "contentHash": "TDYD33TSRpXKZWlmTXNlj5kCihxatmv2Ec1u6C+bMYLphCS7PoSLE9Pjd/nunDoE7yETk+LLKjVJX78HYtWjpA==",
        "dependencies": {
          "Microsoft.Extensions.DependencyInjection.Abstractions": "10.0.12",
          "Microsoft.Extensions.Primitives": "10.0.12"
        }
      }
    }
  }
}